// !$*UTF8*$!
{
	archiveVersion = 1;
	classes = {
	};
	objectVersion = 46;
	objects = {

/* Begin PBXBuildFile section */
		9702AC471D24F597003CBA5C /* main.m in Sources */ = {isa = PBXBuildFile; fileRef = 9702AC461D24F597003CBA5C /* main.m */; };
		9702AC4A1D24F597003CBA5C /* AppDelegate.m in Sources */ = {isa = PBXBuildFile; fileRef = 9702AC491D24F597003CBA5C /* AppDelegate.m */; };
		9702AC501D24F597003CBA5C /* Main.storyboard in Resources */ = {isa = PBXBuildFile; fileRef = 9702AC4E1D24F597003CBA5C /* Main.storyboard */; };
		9702AC521D24F597003CBA5C /* Assets.xcassets in Resources */ = {isa = PBXBuildFile; fileRef = 9702AC511D24F597003CBA5C /* Assets.xcassets */; };
		9702AC551D24F597003CBA5C /* LaunchScreen.storyboard in Resources */ = {isa = PBXBuildFile; fileRef = 9702AC531D24F597003CBA5C /* LaunchScreen.storyboard */; };
		9702ACA51D24F627003CBA5C /* XMNAudioRecordController.m in Sources */ = {isa = PBXBuildFile; fileRef = 9702ACA41D24F627003CBA5C /* XMNAudioRecordController.m */; };
		9702ACA81D24F631003CBA5C /* XMNAudioPlayerController.m in Sources */ = {isa = PBXBuildFile; fileRef = 9702ACA71D24F631003CBA5C /* XMNAudioPlayerController.m */; };
		9702ACAA1D24F755003CBA5C /* XMNAudio.framework in Frameworks */ = {isa = PBXBuildFile; fileRef = 9702ACA91D24F755003CBA5C /* XMNAudio.framework */; };
		9702ACAB1D24F755003CBA5C /* XMNAudio.framework in Embed Frameworks */ = {isa = PBXBuildFile; fileRef = 9702ACA91D24F755003CBA5C /* XMNAudio.framework */; settings = {ATTRIBUTES = (CodeSignOnCopy, RemoveHeadersOnCopy, ); }; };
		9702ACAF1D24F9F1003CBA5C /* XMNTestAudioFile.m in Sources */ = {isa = PBXBuildFile; fileRef = 9702ACAE1D24F9F1003CBA5C /* XMNTestAudioFile.m */; };
		9702ACB41D24FC18003CBA5C /* test.mp3 in Resources */ = {isa = PBXBuildFile; fileRef = 9702ACB01D24FC18003CBA5C /* test.mp3 */; };
		9702ACB51D24FC18003CBA5C /* MP3Sample.mp3 in Resources */ = {isa = PBXBuildFile; fileRef = 9702ACB11D24FC18003CBA5C /* MP3Sample.mp3 */; };
		9702ACB61D24FC18003CBA5C /* letitgo_j.mp3 in Resources */ = {isa = PBXBuildFile; fileRef = 9702ACB21D24FC18003CBA5C /* letitgo_j.mp3 */; };
		9702ACB71D24FC18003CBA5C /* letitgo_v.mp3 in Resources */ = {isa = PBXBuildFile; fileRef = 9702ACB31D24FC18003CBA5C /* letitgo_v.mp3 */; };
/* End PBXBuildFile section */

/* Begin PBXCopyFilesBuildPhase section */
		9702ACAC1D24F756003CBA5C /* Embed Frameworks */ = {
			isa = PBXCopyFilesBuildPhase;
			buildActionMask = 2147483647;
			dstPath = "";
			dstSubfolderSpec = 10;
			files = (
				9702ACAB1D24F755003CBA5C /* XMNAudio.framework in Embed Frameworks */,
			);
			name = "Embed Frameworks";
			runOnlyForDeploymentPostprocessing = 0;
		};
/* End PBXCopyFilesBuildPhase section */

/* Begin PBXFileReference section */
		9702AC421D24F597003CBA5C /* XMNAudioExample.app */ = {isa = PBXFileReference; explicitFileType = wrapper.application; includeInIndex = 0; path = XMNAudioExample.app; sourceTree = BUILT_PRODUCTS_DIR; };
		9702AC461D24F597003CBA5C /* main.m */ = {isa = PBXFileReference; lastKnownFileType = sourcecode.c.objc; path = main.m; sourceTree = "<group>"; };
		9702AC481D24F597003CBA5C /* AppDelegate.h */ = {isa = PBXFileReference; lastKnownFileType = sourcecode.c.h; path = AppDelegate.h; sourceTree = "<group>"; };
		9702AC491D24F597003CBA5C /* AppDelegate.m */ = {isa = PBXFileReference; lastKnownFileType = sourcecode.c.objc; path = AppDelegate.m; sourceTree = "<group>"; };
		9702AC4F1D24F597003CBA5C /* Base */ = {isa = PBXFileReference; lastKnownFileType = file.storyboard; name = Base; path = Base.lproj/Main.storyboard; sourceTree = "<group>"; };
		9702AC511D24F597003CBA5C /* Assets.xcassets */ = {isa = PBXFileReference; lastKnownFileType = folder.assetcatalog; path = Assets.xcassets; sourceTree = "<group>"; };
		9702AC541D24F597003CBA5C /* Base */ = {isa = PBXFileReference; lastKnownFileType = file.storyboard; name = Base; path = Base.lproj/LaunchScreen.storyboard; sourceTree = "<group>"; };
		9702AC561D24F597003CBA5C /* Info.plist */ = {isa = PBXFileReference; lastKnownFileType = text.plist.xml; path = Info.plist; sourceTree = "<group>"; };
		9702ACA31D24F627003CBA5C /* XMNAudioRecordController.h */ = {isa = PBXFileReference; fileEncoding = 4; lastKnownFileType = sourcecode.c.h; path = XMNAudioRecordController.h; sourceTree = "<group>"; };
		9702ACA41D24F627003CBA5C /* XMNAudioRecordController.m */ = {isa = PBXFileReference; fileEncoding = 4; lastKnownFileType = sourcecode.c.objc; path = XMNAudioRecordController.m; sourceTree = "<group>"; };
		9702ACA61D24F631003CBA5C /* XMNAudioPlayerController.h */ = {isa = PBXFileReference; fileEncoding = 4; lastKnownFileType = sourcecode.c.h; path = XMNAudioPlayerController.h; sourceTree = "<group>"; };
		9702ACA71D24F631003CBA5C /* XMNAudioPlayerController.m */ = {isa = PBXFileReference; fileEncoding = 4; lastKnownFileType = sourcecode.c.objc; path = XMNAudioPlayerController.m; sourceTree = "<group>"; };
		9702ACA91D24F755003CBA5C /* XMNAudio.framework */ = {isa = PBXFileReference; explicitFileType = wrapper.framework; name = XMNAudio.framework; path = "/Users/XMFraker/Library/Developer/Xcode/DerivedData/XMNAudio-ffgndaywycsspjdgboxcngfmbraq/Build/Products/Debug-iphonesimulator/XMNAudio.framework"; sourceTree = "<absolute>"; };
		9702ACAD1D24F9F1003CBA5C /* XMNTestAudioFile.h */ = {isa = PBXFileReference; fileEncoding = 4; lastKnownFileType = sourcecode.c.h; path = XMNTestAudioFile.h; sourceTree = "<group>"; };
		9702ACAE1D24F9F1003CBA5C /* XMNTestAudioFile.m */ = {isa = PBXFileReference; fileEncoding = 4; lastKnownFileType = sourcecode.c.objc; path = XMNTestAudioFile.m; sourceTree = "<group>"; };
		9702ACB01D24FC18003CBA5C /* test.mp3 */ = {isa = PBXFileReference; lastKnownFileType = audio.mp3; path = test.mp3; sourceTree = "<group>"; };
		9702ACB11D24FC18003CBA5C /* MP3Sample.mp3 */ = {isa = PBXFileReference; lastKnownFileType = audio.mp3; path = MP3Sample.mp3; sourceTree = "<group>"; };
		9702ACB21D24FC18003CBA5C /* letitgo_j.mp3 */ = {isa = PBXFileReference; lastKnownFileType = audio.mp3; path = letitgo_j.mp3; sourceTree = "<group>"; };
		9702ACB31D24FC18003CBA5C /* letitgo_v.mp3 */ = {isa = PBXFileReference; lastKnownFileType = audio.mp3; path = letitgo_v.mp3; sourceTree = "<group>"; };
/* End PBXFileReference section */

/* Begin PBXFrameworksBuildPhase section */
		9702AC3F1D24F597003CBA5C /* Frameworks */ = {
			isa = PBXFrameworksBuildPhase;
			buildActionMask = 2147483647;
			files = (
				9702ACAA1D24F755003CBA5C /* XMNAudio.framework in Frameworks */,
			);
			runOnlyForDeploymentPostprocessing = 0;
		};
/* End PBXFrameworksBuildPhase section */

/* Begin PBXGroup section */
		9702AC391D24F597003CBA5C = {
			isa = PBXGroup;
			children = (
				9702ACA91D24F755003CBA5C /* XMNAudio.framework */,
				9702AC441D24F597003CBA5C /* XMNAudioExample */,
				9702AC431D24F597003CBA5C /* Products */,
			);
			sourceTree = "<group>";
		};
		9702AC431D24F597003CBA5C /* Products */ = {
			isa = PBXGroup;
			children = (
				9702AC421D24F597003CBA5C /* XMNAudioExample.app */,
			);
			name = Products;
			sourceTree = "<group>";
		};
		9702AC441D24F597003CBA5C /* XMNAudioExample */ = {
			isa = PBXGroup;
			children = (
				9702AC481D24F597003CBA5C /* AppDelegate.h */,
				9702AC491D24F597003CBA5C /* AppDelegate.m */,
				9702ACA31D24F627003CBA5C /* XMNAudioRecordController.h */,
				9702ACA41D24F627003CBA5C /* XMNAudioRecordController.m */,
				9702ACA61D24F631003CBA5C /* XMNAudioPlayerController.h */,
				9702ACA71D24F631003CBA5C /* XMNAudioPlayerController.m */,
				9702ACAD1D24F9F1003CBA5C /* XMNTestAudioFile.h */,
				9702ACAE1D24F9F1003CBA5C /* XMNTestAudioFile.m */,
				9702AC4E1D24F597003CBA5C /* Main.storyboard */,
				9702AC511D24F597003CBA5C /* Assets.xcassets */,
				9702AC531D24F597003CBA5C /* LaunchScreen.storyboard */,
				9702AC561D24F597003CBA5C /* Info.plist */,
				9702ACB01D24FC18003CBA5C /* test.mp3 */,
				9702ACB11D24FC18003CBA5C /* MP3Sample.mp3 */,
				9702ACB21D24FC18003CBA5C /* letitgo_j.mp3 */,
				9702ACB31D24FC18003CBA5C /* letitgo_v.mp3 */,
				9702AC451D24F597003CBA5C /* Supporting Files */,
			);
			path = XMNAudioExample;
			sourceTree = "<group>";
		};
		9702AC451D24F597003CBA5C /* Supporting Files */ = {
			isa = PBXGroup;
			children = (
				9702AC461D24F597003CBA5C /* main.m */,
			);
			name = "Supporting Files";
			sourceTree = "<group>";
		};
/* End PBXGroup section */

/* Begin PBXNativeTarget section */
		9702AC411D24F597003CBA5C /* XMNAudioExample */ = {
			isa = PBXNativeTarget;
			buildConfigurationList = 9702AC591D24F597003CBA5C /* Build configuration list for PBXNativeTarget "XMNAudioExample" */;
			buildPhases = (
				9702AC3E1D24F597003CBA5C /* Sources */,
				9702AC3F1D24F597003CBA5C /* Frameworks */,
				9702AC401D24F597003CBA5C /* Resources */,
				9702ACAC1D24F756003CBA5C /* Embed Frameworks */,
			);
			buildRules = (
			);
			dependencies = (
			);
			name = XMNAudioExample;
			productName = XMNAudioExample;
			productReference = 9702AC421D24F597003CBA5C /* XMNAudioExample.app */;
			productType = "com.apple.product-type.application";
		};
/* End PBXNativeTarget section */

/* Begin PBXProject section */
		9702AC3A1D24F597003CBA5C /* Project object */ = {
			isa = PBXProject;
			attributes = {
				LastUpgradeCheck = 0730;
				ORGANIZATIONNAME = XMFraker;
				TargetAttributes = {
					9702AC411D24F597003CBA5C = {
						CreatedOnToolsVersion = 7.3.1;
					};
				};
			};
			buildConfigurationList = 9702AC3D1D24F597003CBA5C /* Build configuration list for PBXProject "XMNAudioExample" */;
			compatibilityVersion = "Xcode 3.2";
			developmentRegion = English;
			hasScannedForEncodings = 0;
			knownRegions = (
				en,
				Base,
			);
			mainGroup = 9702AC391D24F597003CBA5C;
			productRefGroup = 9702AC431D24F597003CBA5C /* Products */;
			projectDirPath = "";
			projectRoot = "";
			targets = (
				9702AC411D24F597003CBA5C /* XMNAudioExample */,
			);
		};
/* End PBXProject section */

/* Begin PBXResourcesBuildPhase section */
		9702AC401D24F597003CBA5C /* Resources */ = {
			isa = PBXResourcesBuildPhase;
			buildActionMask = 2147483647;
			files = (
				9702AC551D24F597003CBA5C /* LaunchScreen.storyboard in Resources */,
				9702ACB51D24FC18003CBA5C /* MP3Sample.mp3 in Resources */,
				9702AC521D24F597003CBA5C /* Assets.xcassets in Resources */,
				9702ACB41D24FC18003CBA5C /* test.mp3 in Resources */,
				9702ACB61D24FC18003CBA5C /* letitgo_j.mp3 in Resources */,
				9702AC501D24F597003CBA5C /* Main.storyboard in Resources */,
				9702ACB71D24FC18003CBA5C /* letitgo_v.mp3 in Resources */,
			);
			runOnlyForDeploymentPostprocessing = 0;
		};
/* End PBXResourcesBuildPhase section */

/* Begin PBXSourcesBuildPhase section */
		9702AC3E1D24F597003CBA5C /* Sources */ = {
			isa = PBXSourcesBuildPhase;
			buildActionMask = 2147483647;
			files = (
				9702ACA51D24F627003CBA5C /* XMNAudioRecordController.m in Sources */,
				9702AC4A1D24F597003CBA5C /* AppDelegate.m in Sources */,
				9702AC471D24F597003CBA5C /* main.m in Sources */,
				9702ACAF1D24F9F1003CBA5C /* XMNTestAudioFile.m in Sources */,
				9702ACA81D24F631003CBA5C /* XMNAudioPlayerController.m in Sources */,
			);
			runOnlyForDeploymentPostprocessing = 0;
		};
/* End PBXSourcesBuildPhase section */

/* Begin PBXVariantGroup section */
		9702AC4E1D24F597003CBA5C /* Main.storyboard */ = {
			isa = PBXVariantGroup;
			children = (
				9702AC4F1D24F597003CBA5C /* Base */,
			);
			name = Main.storyboard;
			sourceTree = "<group>";
		};
		9702AC531D24F597003CBA5C /* LaunchScreen.storyboard */ = {
			isa = PBXVariantGroup;
			children = (
				9702AC541D24F597003CBA5C /* Base */,
			);
			name = LaunchScreen.storyboard;
			sourceTree = "<group>";
		};
/* End PBXVariantGroup section */

/* Begin XCBuildConfiguration section */
		9702AC571D24F597003CBA5C /* Debug */ = {
			isa = XCBuildConfiguration;
			buildSettings = {
				ALWAYS_SEARCH_USER_PATHS = NO;
				CLANG_ANALYZER_NONNULL = YES;
				CLANG_CXX_LANGUAGE_STANDARD = "gnu++0x";
				CLANG_CXX_LIBRARY = "libc++";
				CLANG_ENABLE_MODULES = YES;
				CLANG_ENABLE_OBJC_ARC = YES;
				CLANG_WARN_BOOL_CONVERSION = YES;
				CLANG_WARN_CONSTANT_CONVERSION = YES;
				CLANG_WARN_DIRECT_OBJC_ISA_USAGE = YES_ERROR;
				CLANG_WARN_EMPTY_BODY = YES;
				CLANG_WARN_ENUM_CONVERSION = YES;
				CLANG_WARN_INT_CONVERSION = YES;
				CLANG_WARN_OBJC_ROOT_CLASS = YES_ERROR;
				CLANG_WARN_UNREACHABLE_CODE = YES;
				CLANG_WARN__DUPLICATE_METHOD_MATCH = YES;
				"CODE_SIGN_IDENTITY[sdk=iphoneos*]" = "iPhone Developer";
				COPY_PHASE_STRIP = NO;
				DEBUG_INFORMATION_FORMAT = dwarf;
				ENABLE_STRICT_OBJC_MSGSEND = YES;
				ENABLE_TESTABILITY = YES;
				GCC_C_LANGUAGE_STANDARD = gnu99;
				GCC_DYNAMIC_NO_PIC = NO;
				GCC_NO_COMMON_BLOCKS = YES;
				GCC_OPTIMIZATION_LEVEL = 0;
				GCC_PREPROCESSOR_DEFINITIONS = (
					"DEBUG=1",
					"$(inherited)",
				);
				GCC_WARN_64_TO_32_BIT_CONVERSION = YES;
				GCC_WARN_ABOUT_RETURN_TYPE = YES_ERROR;
				GCC_WARN_UNDECLARED_SELECTOR = YES;
				GCC_WARN_UNINITIALIZED_AUTOS = YES_AGGRESSIVE;
				GCC_WARN_UNUSED_FUNCTION = YES;
				GCC_WARN_UNUSED_VARIABLE = YES;
				IPHONEOS_DEPLOYMENT_TARGET = 9.3;
				MTL_ENABLE_DEBUG_INFO = YES;
				ONLY_ACTIVE_ARCH = YES;
				SDKROOT = iphoneos;
			};
			name = Debug;
		};
		9702AC581D24F597003CBA5C /* Release */ = {
			isa = XCBuildConfiguration;
			buildSettings = {
				ALWAYS_SEARCH_USER_PATHS = NO;
				CLANG_ANALYZER_NONNULL = YES;
				CLANG_CXX_LANGUAGE_STANDARD = "gnu++0x";
				CLANG_CXX_LIBRARY = "libc++";
				CLANG_ENABLE_MODULES = YES;
				CLANG_ENABLE_OBJC_ARC = YES;
				CLANG_WARN_BOOL_CONVERSION = YES;
				CLANG_WARN_CONSTANT_CONVERSION = YES;
				CLANG_WARN_DIRECT_OBJC_ISA_USAGE = YES_ERROR;
				CLANG_WARN_EMPTY_BODY = YES;
				CLANG_WARN_ENUM_CONVERSION = YES;
				CLANG_WARN_INT_CONVERSION = YES;
				CLANG_WARN_OBJC_ROOT_CLASS = YES_ERROR;
				CLANG_WARN_UNREACHABLE_CODE = YES;
				CLANG_WARN__DUPLICATE_METHOD_MATCH = YES;
				"CODE_SIGN_IDENTITY[sdk=iphoneos*]" = "iPhone Developer";
				COPY_PHASE_STRIP = NO;
				DEBUG_INFORMATION_FORMAT = "dwarf-with-dsym";
				ENABLE_NS_ASSERTIONS = NO;
				ENABLE_STRICT_OBJC_MSGSEND = YES;
				GCC_C_LANGUAGE_STANDARD = gnu99;
				GCC_NO_COMMON_BLOCKS = YES;
				GCC_WARN_64_TO_32_BIT_CONVERSION = YES;
				GCC_WARN_ABOUT_RETURN_TYPE = YES_ERROR;
				GCC_WARN_UNDECLARED_SELECTOR = YES;
				GCC_WARN_UNINITIALIZED_AUTOS = YES_AGGRESSIVE;
				GCC_WARN_UNUSED_FUNCTION = YES;
				GCC_WARN_UNUSED_VARIABLE = YES;
				IPHONEOS_DEPLOYMENT_TARGET = 9.3;
				MTL_ENABLE_DEBUG_INFO = NO;
				SDKROOT = iphoneos;
				VALIDATE_PRODUCT = YES;
			};
			name = Release;
		};
		9702AC5A1D24F597003CBA5C /* Debug */ = {
			isa = XCBuildConfiguration;
			buildSettings = {
				ASSETCATALOG_COMPILER_APPICON_NAME = AppIcon;
				INFOPLIST_FILE = XMNAudioExample/Info.plist;
				LD_RUNPATH_SEARCH_PATHS = "$(inherited) @executable_path/Frameworks";
				PRODUCT_BUNDLE_IDENTIFIER = com.XMFraker.XMNAudioExample;
				PRODUCT_NAME = "$(TARGET_NAME)";
			};
			name = Debug;
		};
		9702AC5B1D24F597003CBA5C /* Release */ = {
			isa = XCBuildConfiguration;
			buildSettings = {
				ASSETCATALOG_COMPILER_APPICON_NAME = AppIcon;
				INFOPLIST_FILE = XMNAudioExample/Info.plist;
				LD_RUNPATH_SEARCH_PATHS = "$(inherited) @executable_path/Frameworks";
				PRODUCT_BUNDLE_IDENTIFIER = com.XMFraker.XMNAudioExample;
				PRODUCT_NAME = "$(TARGET_NAME)";
			};
			name = Release;
		};
/* End XCBuildConfiguration section */

/* Begin XCConfigurationList section */
		9702AC3D1D24F597003CBA5C /* Build configuration list for PBXProject "XMNAudioExample" */ = {
			isa = XCConfigurationList;
			buildConfigurations = (
				9702AC571D24F597003CBA5C /* Debug */,
				9702AC581D24F597003CBA5C /* Release */,
			);
			defaultConfigurationIsVisible = 0;
			defaultConfigurationName = Release;
		};
		9702AC591D24F597003CBA5C /* Build configuration list for PBXNativeTarget "XMNAudioExample" */ = {
			isa = XCConfigurationList;
			buildConfigurations = (
				9702AC5A1D24F597003CBA5C /* Debug */,
				9702AC5B1D24F597003CBA5C /* Release */,
			);
			defaultConfigurationIsVisible = 0;
		};
/* End XCConfigurationList section */
	};
	rootObject = 9702AC3A1D24F597003CBA5C /* Project object */;
}
